
Microsoft Visual Studio Solution File, Format Version 12.00
# Visual Studio Version 17
VisualStudioVersion = 17.5.002.0
MinimumVisualStudioVersion = 10.0.40219.1
Project("{9A19103F-16F7-4668-BE54-9A1E7A4F7556}") = "Week_03_lab_08_Time_W", "Week_03_lab_08_Time_W.csproj", "{A9885570-0202-48AA-9487-3FFDA066CFC7}"
EndProject
Global
	GlobalSection(SolutionConfigurationPlatforms) = preSolution
		Debug|Any CPU = Debug|Any CPU
		Release|Any CPU = Release|Any CPU
	EndGlobalSection
	GlobalSection(ProjectConfigurationPlatforms) = postSolution
		{A9885570-0202-48AA-9487-3FFDA066CFC7}.Debug|Any CPU.ActiveCfg = Debug|Any CPU
		{A9885570-0202-48AA-9487-3FFDA066CFC7}.Debug|Any CPU.Build.0 = Debug|Any CPU
		{A9885570-0202-48AA-9487-3FFDA066CFC7}.Release|Any CPU.ActiveCfg = Release|Any CPU
		{A9885570-0202-48AA-9487-3FFDA066CFC7}.Release|Any CPU.Build.0 = Release|Any CPU
	EndGlobalSection
	GlobalSection(SolutionProperties) = preSolution
		HideSolutionNode = FALSE
	EndGlobalSection
	GlobalSection(ExtensibilityGlobals) = postSolution
		SolutionGuid = {1E633EEF-65E9-487F-998D-01B0F0020F2D}
	EndGlobalSection
EndGlobal
